
Microsoft Visual Studio Solution File, Format Version 12.00
# Visual Studio 15
VisualStudioVersion = 15.0.27428.2043
MinimumVisualStudioVersion = 10.0.40219.1
Project("{FAE04EC0-301F-11D3-BF4B-00C04F79EFBC}") = "eveMutatorComparison", "eveMutatorComparison\eveMutatorComparison.csproj", "{4FB0B39E-78DA-4BAD-AA51-20E9E23CB2A0}"
EndProject
Global
	GlobalSection(SolutionConfigurationPlatforms) = preSolution
		Debug|Any CPU = Debug|Any CPU
		Release|Any CPU = Release|Any CPU
	EndGlobalSection
	GlobalSection(ProjectConfigurationPlatforms) = postSolution
		{4FB0B39E-78DA-4BAD-AA51-20E9E23CB2A0}.Debug|Any CPU.ActiveCfg = Debug|Any CPU
		{4FB0B39E-78DA-4BAD-AA51-20E9E23CB2A0}.Debug|Any CPU.Build.0 = Debug|Any CPU
		{4FB0B39E-78DA-4BAD-AA51-20E9E23CB2A0}.Release|Any CPU.ActiveCfg = Release|Any CPU
		{4FB0B39E-78DA-4BAD-AA51-20E9E23CB2A0}.Release|Any CPU.Build.0 = Release|Any CPU
	EndGlobalSection
	GlobalSection(SolutionProperties) = preSolution
		HideSolutionNode = FALSE
	EndGlobalSection
	GlobalSection(ExtensibilityGlobals) = postSolution
		SolutionGuid = {48378B23-7BE7-4E63-9C2A-953343B13975}
	EndGlobalSection
EndGlobal
